
Microsoft Visual Studio Solution File, Format Version 12.00
# Visual Studio 15
VisualStudioVersion = 15.0.28307.757
MinimumVisualStudioVersion = 10.0.40219.1
Project("{FAE04EC0-301F-11D3-BF4B-00C04F79EFBC}") = "AstrologyCalculatorMain", "AstrologyCalculator\AstrologyCalculatorMain.csproj", "{7A8B887D-CB00-4512-AF2E-07082501BF55}"
EndProject
Project("{FAE04EC0-301F-11D3-BF4B-00C04F79EFBC}") = "CalendarLibrary", "CalendarLibrary\CalendarLibrary.csproj", "{091B08C0-EF35-4F3F-8CD4-677CAF78E95D}"
EndProject
Project("{FAE04EC0-301F-11D3-BF4B-00C04F79EFBC}") = "CalendarLibrary.Tests", "CalendarLibrary.Tests\CalendarLibrary.Tests.csproj", "{E872FCBA-4A39-4B4A-99BC-2E909E33843F}"
	ProjectSection(ProjectDependencies) = postProject
		{091B08C0-EF35-4F3F-8CD4-677CAF78E95D} = {091B08C0-EF35-4F3F-8CD4-677CAF78E95D}
	EndProjectSection
EndProject
Global
	GlobalSection(SolutionConfigurationPlatforms) = preSolution
		Debug|Any CPU = Debug|Any CPU
		Debug|ARM = Debug|ARM
		Debug|ARM64 = Debug|ARM64
		Debug|x64 = Debug|x64
		Debug|x86 = Debug|x86
		Release|Any CPU = Release|Any CPU
		Release|ARM = Release|ARM
		Release|ARM64 = Release|ARM64
		Release|x64 = Release|x64
		Release|x86 = Release|x86
	EndGlobalSection
	GlobalSection(ProjectConfigurationPlatforms) = postSolution
		{7A8B887D-CB00-4512-AF2E-07082501BF55}.Debug|Any CPU.ActiveCfg = Debug|Any CPU
		{7A8B887D-CB00-4512-AF2E-07082501BF55}.Debug|Any CPU.Build.0 = Debug|Any CPU
		{7A8B887D-CB00-4512-AF2E-07082501BF55}.Debug|ARM.ActiveCfg = Debug|Any CPU
		{7A8B887D-CB00-4512-AF2E-07082501BF55}.Debug|ARM.Build.0 = Debug|Any CPU
		{7A8B887D-CB00-4512-AF2E-07082501BF55}.Debug|ARM64.ActiveCfg = Debug|Any CPU
		{7A8B887D-CB00-4512-AF2E-07082501BF55}.Debug|ARM64.Build.0 = Debug|Any CPU
		{7A8B887D-CB00-4512-AF2E-07082501BF55}.Debug|x64.ActiveCfg = Debug|Any CPU
		{7A8B887D-CB00-4512-AF2E-07082501BF55}.Debug|x64.Build.0 = Debug|Any CPU
		{7A8B887D-CB00-4512-AF2E-07082501BF55}.Debug|x86.ActiveCfg = Debug|Any CPU
		{7A8B887D-CB00-4512-AF2E-07082501BF55}.Debug|x86.Build.0 = Debug|Any CPU
		{7A8B887D-CB00-4512-AF2E-07082501BF55}.Release|Any CPU.ActiveCfg = Release|Any CPU
		{7A8B887D-CB00-4512-AF2E-07082501BF55}.Release|Any CPU.Build.0 = Release|Any CPU
		{7A8B887D-CB00-4512-AF2E-07082501BF55}.Release|ARM.ActiveCfg = Release|Any CPU
		{7A8B887D-CB00-4512-AF2E-07082501BF55}.Release|ARM.Build.0 = Release|Any CPU
		{7A8B887D-CB00-4512-AF2E-07082501BF55}.Release|ARM64.ActiveCfg = Release|Any CPU
		{7A8B887D-CB00-4512-AF2E-07082501BF55}.Release|ARM64.Build.0 = Release|Any CPU
		{7A8B887D-CB00-4512-AF2E-07082501BF55}.Release|x64.ActiveCfg = Release|Any CPU
		{7A8B887D-CB00-4512-AF2E-07082501BF55}.Release|x64.Build.0 = Release|Any CPU
		{7A8B887D-CB00-4512-AF2E-07082501BF55}.Release|x86.ActiveCfg = Release|Any CPU
		{7A8B887D-CB00-4512-AF2E-07082501BF55}.Release|x86.Build.0 = Release|Any CPU
		{091B08C0-EF35-4F3F-8CD4-677CAF78E95D}.Debug|Any CPU.ActiveCfg = Debug|Any CPU
		{091B08C0-EF35-4F3F-8CD4-677CAF78E95D}.Debug|Any CPU.Build.0 = Debug|Any CPU
		{091B08C0-EF35-4F3F-8CD4-677CAF78E95D}.Debug|ARM.ActiveCfg = Debug|Any CPU
		{091B08C0-EF35-4F3F-8CD4-677CAF78E95D}.Debug|ARM.Build.0 = Debug|Any CPU
		{091B08C0-EF35-4F3F-8CD4-677CAF78E95D}.Debug|ARM64.ActiveCfg = Debug|Any CPU
		{091B08C0-EF35-4F3F-8CD4-677CAF78E95D}.Debug|ARM64.Build.0 = Debug|Any CPU
		{091B08C0-EF35-4F3F-8CD4-677CAF78E95D}.Debug|x64.ActiveCfg = Debug|Any CPU
		{091B08C0-EF35-4F3F-8CD4-677CAF78E95D}.Debug|x64.Build.0 = Debug|Any CPU
		{091B08C0-EF35-4F3F-8CD4-677CAF78E95D}.Debug|x86.ActiveCfg = Debug|Any CPU
		{091B08C0-EF35-4F3F-8CD4-677CAF78E95D}.Debug|x86.Build.0 = Debug|Any CPU
		{091B08C0-EF35-4F3F-8CD4-677CAF78E95D}.Release|Any CPU.ActiveCfg = Release|Any CPU
		{091B08C0-EF35-4F3F-8CD4-677CAF78E95D}.Release|Any CPU.Build.0 = Release|Any CPU
		{091B08C0-EF35-4F3F-8CD4-677CAF78E95D}.Release|ARM.ActiveCfg = Release|Any CPU
		{091B08C0-EF35-4F3F-8CD4-677CAF78E95D}.Release|ARM.Build.0 = Release|Any CPU
		{091B08C0-EF35-4F3F-8CD4-677CAF78E95D}.Release|ARM64.ActiveCfg = Release|Any CPU
		{091B08C0-EF35-4F3F-8CD4-677CAF78E95D}.Release|ARM64.Build.0 = Release|Any CPU
		{091B08C0-EF35-4F3F-8CD4-677CAF78E95D}.Release|x64.ActiveCfg = Release|Any CPU
		{091B08C0-EF35-4F3F-8CD4-677CAF78E95D}.Release|x64.Build.0 = Release|Any CPU
		{091B08C0-EF35-4F3F-8CD4-677CAF78E95D}.Release|x86.ActiveCfg = Release|Any CPU
		{091B08C0-EF35-4F3F-8CD4-677CAF78E95D}.Release|x86.Build.0 = Release|Any CPU
		{E872FCBA-4A39-4B4A-99BC-2E909E33843F}.Debug|Any CPU.ActiveCfg = Debug|Any CPU
		{E872FCBA-4A39-4B4A-99BC-2E909E33843F}.Debug|Any CPU.Build.0 = Debug|Any CPU
		{E872FCBA-4A39-4B4A-99BC-2E909E33843F}.Debug|ARM.ActiveCfg = Debug|Any CPU
		{E872FCBA-4A39-4B4A-99BC-2E909E33843F}.Debug|ARM.Build.0 = Debug|Any CPU
		{E872FCBA-4A39-4B4A-99BC-2E909E33843F}.Debug|ARM64.ActiveCfg = Debug|Any CPU
		{E872FCBA-4A39-4B4A-99BC-2E909E33843F}.Debug|ARM64.Build.0 = Debug|Any CPU
		{E872FCBA-4A39-4B4A-99BC-2E909E33843F}.Debug|x64.ActiveCfg = Debug|Any CPU
		{E872FCBA-4A39-4B4A-99BC-2E909E33843F}.Debug|x64.Build.0 = Debug|Any CPU
		{E872FCBA-4A39-4B4A-99BC-2E909E33843F}.Debug|x86.ActiveCfg = Debug|Any CPU
		{E872FCBA-4A39-4B4A-99BC-2E909E33843F}.Debug|x86.Build.0 = Debug|Any CPU
		{E872FCBA-4A39-4B4A-99BC-2E909E33843F}.Release|Any CPU.ActiveCfg = Release|Any CPU
		{E872FCBA-4A39-4B4A-99BC-2E909E33843F}.Release|Any CPU.Build.0 = Release|Any CPU
		{E872FCBA-4A39-4B4A-99BC-2E909E33843F}.Release|ARM.ActiveCfg = Release|Any CPU
		{E872FCBA-4A39-4B4A-99BC-2E909E33843F}.Release|ARM.Build.0 = Release|Any CPU
		{E872FCBA-4A39-4B4A-99BC-2E909E33843F}.Release|ARM64.ActiveCfg = Release|Any CPU
		{E872FCBA-4A39-4B4A-99BC-2E909E33843F}.Release|ARM64.Build.0 = Release|Any CPU
		{E872FCBA-4A39-4B4A-99BC-2E909E33843F}.Release|x64.ActiveCfg = Release|Any CPU
		{E872FCBA-4A39-4B4A-99BC-2E909E33843F}.Release|x64.Build.0 = Release|Any CPU
		{E872FCBA-4A39-4B4A-99BC-2E909E33843F}.Release|x86.ActiveCfg = Release|Any CPU
		{E872FCBA-4A39-4B4A-99BC-2E909E33843F}.Release|x86.Build.0 = Release|Any CPU
	EndGlobalSection
	GlobalSection(SolutionProperties) = preSolution
		HideSolutionNode = FALSE
	EndGlobalSection
	GlobalSection(ExtensibilityGlobals) = postSolution
		SolutionGuid = {6F402595-DA7B-40F4-993A-B494416F794D}
	EndGlobalSection
EndGlobal
